
Microsoft Visual Studio Solution File, Format Version 12.00
# Visual Studio Version 16
VisualStudioVersion = 16.0.30611.23
MinimumVisualStudioVersion = 10.0.40219.1
Project("{FAE04EC0-301F-11D3-BF4B-00C04F79EFBC}") = "TermProjectCS", "TermProjectCS\TermProjectCS.csproj", "{4EF1D605-638D-472E-8792-606E72C6B45A}"
EndProject
Global
	GlobalSection(SolutionConfigurationPlatforms) = preSolution
		Debug|Any CPU = Debug|Any CPU
		Release|Any CPU = Release|Any CPU
	EndGlobalSection
	GlobalSection(ProjectConfigurationPlatforms) = postSolution
		{4EF1D605-638D-472E-8792-606E72C6B45A}.Debug|Any CPU.ActiveCfg = Debug|Any CPU
		{4EF1D605-638D-472E-8792-606E72C6B45A}.Debug|Any CPU.Build.0 = Debug|Any CPU
		{4EF1D605-638D-472E-8792-606E72C6B45A}.Release|Any CPU.ActiveCfg = Release|Any CPU
		{4EF1D605-638D-472E-8792-606E72C6B45A}.Release|Any CPU.Build.0 = Release|Any CPU
	EndGlobalSection
	GlobalSection(SolutionProperties) = preSolution
		HideSolutionNode = FALSE
	EndGlobalSection
	GlobalSection(ExtensibilityGlobals) = postSolution
		SolutionGuid = {95D7A950-A339-4D10-A146-2739F8A19EFB}
	EndGlobalSection
EndGlobal
